
Microsoft Visual Studio Solution File, Format Version 12.00
# Visual Studio Version 16
VisualStudioVersion = 16.0.30804.86
MinimumVisualStudioVersion = 10.0.40219.1
Project("{FAE04EC0-301F-11D3-BF4B-00C04F79EFBC}") = "Magicni_trikotnik", "Magicni_trikotnik\Magicni_trikotnik.csproj", "{485EBA0A-2C2E-4D95-9AA1-011CECAE3C22}"
EndProject
Global
	GlobalSection(SolutionConfigurationPlatforms) = preSolution
		Debug|Any CPU = Debug|Any CPU
		Release|Any CPU = Release|Any CPU
	EndGlobalSection
	GlobalSection(ProjectConfigurationPlatforms) = postSolution
		{485EBA0A-2C2E-4D95-9AA1-011CECAE3C22}.Debug|Any CPU.ActiveCfg = Debug|Any CPU
		{485EBA0A-2C2E-4D95-9AA1-011CECAE3C22}.Debug|Any CPU.Build.0 = Debug|Any CPU
		{485EBA0A-2C2E-4D95-9AA1-011CECAE3C22}.Release|Any CPU.ActiveCfg = Release|Any CPU
		{485EBA0A-2C2E-4D95-9AA1-011CECAE3C22}.Release|Any CPU.Build.0 = Release|Any CPU
	EndGlobalSection
	GlobalSection(SolutionProperties) = preSolution
		HideSolutionNode = FALSE
	EndGlobalSection
	GlobalSection(ExtensibilityGlobals) = postSolution
		SolutionGuid = {15F62EB2-B485-40B2-B0E6-1FBFC65C873E}
	EndGlobalSection
EndGlobal
